
Microsoft Visual Studio Solution File, Format Version 12.00
# Visual Studio Version 17
VisualStudioVersion = 17.0.31903.59
MinimumVisualStudioVersion = 10.0.40219.1
Project("{2150E333-8FDC-42A3-9474-1A3956D46DE8}") = "src", "src", "{A754CA9F-5656-401C-BF8A-F4F29436E37F}"
EndProject
Project("{FAE04EC0-301F-11D3-BF4B-00C04F79EFBC}") = "AuctionService", "src\AuctionService\AuctionService.csproj", "{E44F6C47-EC4B-4D40-9925-BB71D8DEFF6D}"
EndProject
Project("{FAE04EC0-301F-11D3-BF4B-00C04F79EFBC}") = "SearchService", "src\SearchService\SearchService.csproj", "{6A838A31-55C4-4EB8-A322-BDCA7782659C}"
EndProject
Project("{FAE04EC0-301F-11D3-BF4B-00C04F79EFBC}") = "Contracts", "src\Contracts\Contracts.csproj", "{6826C0A2-A960-479B-8D5D-30CCCF761AAF}"
EndProject
Global
	GlobalSection(SolutionConfigurationPlatforms) = preSolution
		Debug|Any CPU = Debug|Any CPU
		Release|Any CPU = Release|Any CPU
	EndGlobalSection
	GlobalSection(SolutionProperties) = preSolution
		HideSolutionNode = FALSE
	EndGlobalSection
	GlobalSection(ProjectConfigurationPlatforms) = postSolution
		{E44F6C47-EC4B-4D40-9925-BB71D8DEFF6D}.Debug|Any CPU.ActiveCfg = Debug|Any CPU
		{E44F6C47-EC4B-4D40-9925-BB71D8DEFF6D}.Debug|Any CPU.Build.0 = Debug|Any CPU
		{E44F6C47-EC4B-4D40-9925-BB71D8DEFF6D}.Release|Any CPU.ActiveCfg = Release|Any CPU
		{E44F6C47-EC4B-4D40-9925-BB71D8DEFF6D}.Release|Any CPU.Build.0 = Release|Any CPU
		{6A838A31-55C4-4EB8-A322-BDCA7782659C}.Debug|Any CPU.ActiveCfg = Debug|Any CPU
		{6A838A31-55C4-4EB8-A322-BDCA7782659C}.Debug|Any CPU.Build.0 = Debug|Any CPU
		{6A838A31-55C4-4EB8-A322-BDCA7782659C}.Release|Any CPU.ActiveCfg = Release|Any CPU
		{6A838A31-55C4-4EB8-A322-BDCA7782659C}.Release|Any CPU.Build.0 = Release|Any CPU
		{6826C0A2-A960-479B-8D5D-30CCCF761AAF}.Debug|Any CPU.ActiveCfg = Debug|Any CPU
		{6826C0A2-A960-479B-8D5D-30CCCF761AAF}.Debug|Any CPU.Build.0 = Debug|Any CPU
		{6826C0A2-A960-479B-8D5D-30CCCF761AAF}.Release|Any CPU.ActiveCfg = Release|Any CPU
		{6826C0A2-A960-479B-8D5D-30CCCF761AAF}.Release|Any CPU.Build.0 = Release|Any CPU
	EndGlobalSection
	GlobalSection(NestedProjects) = preSolution
		{E44F6C47-EC4B-4D40-9925-BB71D8DEFF6D} = {A754CA9F-5656-401C-BF8A-F4F29436E37F}
		{6A838A31-55C4-4EB8-A322-BDCA7782659C} = {A754CA9F-5656-401C-BF8A-F4F29436E37F}
		{6826C0A2-A960-479B-8D5D-30CCCF761AAF} = {A754CA9F-5656-401C-BF8A-F4F29436E37F}
	EndGlobalSection
EndGlobal
